
Microsoft Visual Studio Solution File, Format Version 12.00
# Visual Studio Version 16
VisualStudioVersion = 16.0.30204.135
MinimumVisualStudioVersion = 10.0.40219.1
Project("{9A19103F-16F7-4668-BE54-9A1E7A4F7556}") = "SPORTEA.ENDPOINT.API", "TVA.ENDPOINT.API\SPORTEA.ENDPOINT.API.csproj", "{CA5F7D39-81A6-4E7B-A282-146F925F8931}"
EndProject
Project("{E53339B2-1760-4266-BCC7-CA923CBCF16C}") = "docker-compose", "docker-compose.dcproj", "{3566B724-5067-408B-A267-57436981ADA5}"
EndProject
Project("{2150E333-8FDC-42A3-9474-1A3956D46DE8}") = "1. Endpoint", "1. Endpoint", "{EA6AB365-9609-48DE-A8CA-86AE50086C7B}"
EndProject
Project("{2150E333-8FDC-42A3-9474-1A3956D46DE8}") = "2. Model", "2. Model", "{3B2DE6DE-02A5-44B3-A11C-F613AB9A7A3B}"
EndProject
Project("{9A19103F-16F7-4668-BE54-9A1E7A4F7556}") = "SPORTEA.ENDPOINT.Auth", "TVA.ENDPOINT.Auth\SPORTEA.ENDPOINT.Auth.csproj", "{BA997589-EDD0-4827-BD2B-FA1E93B1176D}"
EndProject
Project("{2150E333-8FDC-42A3-9474-1A3956D46DE8}") = "3. Services", "3. Services", "{08D8FBCB-4C9D-4180-B7FD-1FA13085048B}"
EndProject
Project("{2150E333-8FDC-42A3-9474-1A3956D46DE8}") = "z. Common", "z. Common", "{B54659E6-A851-46F2-AEA2-61F28015E1D2}"
EndProject
Project("{9A19103F-16F7-4668-BE54-9A1E7A4F7556}") = "SPORTEA.SERVICES.Domain", "TVA.SERVICES.Domain\SPORTEA.SERVICES.Domain.csproj", "{A7F71F7E-A79D-43CE-9A33-134F87667BCD}"
EndProject
Project("{9A19103F-16F7-4668-BE54-9A1E7A4F7556}") = "SPORTEA.SERVICES.Infrastructure", "TVA.SERVICES.Infrastructure\SPORTEA.SERVICES.Infrastructure.csproj", "{1A721FF6-51F9-4239-AA20-F7B3E8BDDAE0}"
EndProject
Project("{2150E333-8FDC-42A3-9474-1A3956D46DE8}") = "z. Data", "z. Data", "{1DB9FA02-96FD-4A10-95F7-F1BC683C5D8A}"
EndProject
Project("{9A19103F-16F7-4668-BE54-9A1E7A4F7556}") = "SPORTEA.DATA.DAL.SqlServer", "TVA.DATA.DAL.SqlServer\SPORTEA.DATA.DAL.SqlServer.csproj", "{AE59AF9D-6AAC-4906-8253-55CC0E820FCC}"
EndProject
Project("{9A19103F-16F7-4668-BE54-9A1E7A4F7556}") = "SPORTEA.DATA.DAL.IData", "TVA.DATA.DAL.IData\SPORTEA.DATA.DAL.IData.csproj", "{DB86C6D3-8FA8-475F-A49E-6067661A9343}"
EndProject
Project("{9A19103F-16F7-4668-BE54-9A1E7A4F7556}") = "SPORTEA.DATA.DAL.Entity", "TVA.DATA.DAL.Entity\SPORTEA.DATA.DAL.Entity.csproj", "{7FD5FB16-8CDB-44B0-A8FB-3BEF589023B6}"
EndProject
Project("{9A19103F-16F7-4668-BE54-9A1E7A4F7556}") = "SPORTEA.COMMON.Library", "TVA.COMMON.Library\SPORTEA.COMMON.Library.csproj", "{8C5F7363-376D-457E-88D0-05ADCC74B88F}"
EndProject
Project("{9A19103F-16F7-4668-BE54-9A1E7A4F7556}") = "SPORTEA.MODEL", "TVA.MODEL\SPORTEA.MODEL.csproj", "{518FCE0B-EDA6-4DA0-B98B-DE690F1CB40F}"
EndProject
Project("{9A19103F-16F7-4668-BE54-9A1E7A4F7556}") = "SPORTEA.COMMON.Http", "TVA.COMMON.Http\SPORTEA.COMMON.Http.csproj", "{BB5B984C-7390-40E1-AECF-B960FA85224F}"
EndProject
Project("{9A19103F-16F7-4668-BE54-9A1E7A4F7556}") = "SPORTEA.COMMON.Security", "TVA.COMMON.Security\SPORTEA.COMMON.Security.csproj", "{D6900869-0D1D-4686-B1F6-BECE54ED40C1}"
EndProject
Project("{9A19103F-16F7-4668-BE54-9A1E7A4F7556}") = "SPORTEA.SERVICES.External", "TVA.SERVICES.External\SPORTEA.SERVICES.External.csproj", "{7B13D2CB-29CE-479D-B7E9-8EA2642513E1}"
EndProject
Global
	GlobalSection(SolutionConfigurationPlatforms) = preSolution
		Debug|Any CPU = Debug|Any CPU
		Release|Any CPU = Release|Any CPU
	EndGlobalSection
	GlobalSection(ProjectConfigurationPlatforms) = postSolution
		{CA5F7D39-81A6-4E7B-A282-146F925F8931}.Debug|Any CPU.ActiveCfg = Debug|Any CPU
		{CA5F7D39-81A6-4E7B-A282-146F925F8931}.Debug|Any CPU.Build.0 = Debug|Any CPU
		{CA5F7D39-81A6-4E7B-A282-146F925F8931}.Release|Any CPU.ActiveCfg = Release|Any CPU
		{CA5F7D39-81A6-4E7B-A282-146F925F8931}.Release|Any CPU.Build.0 = Release|Any CPU
		{3566B724-5067-408B-A267-57436981ADA5}.Debug|Any CPU.ActiveCfg = Debug|Any CPU
		{3566B724-5067-408B-A267-57436981ADA5}.Debug|Any CPU.Build.0 = Debug|Any CPU
		{3566B724-5067-408B-A267-57436981ADA5}.Release|Any CPU.ActiveCfg = Release|Any CPU
		{3566B724-5067-408B-A267-57436981ADA5}.Release|Any CPU.Build.0 = Release|Any CPU
		{BA997589-EDD0-4827-BD2B-FA1E93B1176D}.Debug|Any CPU.ActiveCfg = Debug|Any CPU
		{BA997589-EDD0-4827-BD2B-FA1E93B1176D}.Debug|Any CPU.Build.0 = Debug|Any CPU
		{BA997589-EDD0-4827-BD2B-FA1E93B1176D}.Release|Any CPU.ActiveCfg = Release|Any CPU
		{BA997589-EDD0-4827-BD2B-FA1E93B1176D}.Release|Any CPU.Build.0 = Release|Any CPU
		{A7F71F7E-A79D-43CE-9A33-134F87667BCD}.Debug|Any CPU.ActiveCfg = Debug|Any CPU
		{A7F71F7E-A79D-43CE-9A33-134F87667BCD}.Debug|Any CPU.Build.0 = Debug|Any CPU
		{A7F71F7E-A79D-43CE-9A33-134F87667BCD}.Release|Any CPU.ActiveCfg = Release|Any CPU
		{A7F71F7E-A79D-43CE-9A33-134F87667BCD}.Release|Any CPU.Build.0 = Release|Any CPU
		{1A721FF6-51F9-4239-AA20-F7B3E8BDDAE0}.Debug|Any CPU.ActiveCfg = Debug|Any CPU
		{1A721FF6-51F9-4239-AA20-F7B3E8BDDAE0}.Debug|Any CPU.Build.0 = Debug|Any CPU
		{1A721FF6-51F9-4239-AA20-F7B3E8BDDAE0}.Release|Any CPU.ActiveCfg = Release|Any CPU
		{1A721FF6-51F9-4239-AA20-F7B3E8BDDAE0}.Release|Any CPU.Build.0 = Release|Any CPU
		{AE59AF9D-6AAC-4906-8253-55CC0E820FCC}.Debug|Any CPU.ActiveCfg = Debug|Any CPU
		{AE59AF9D-6AAC-4906-8253-55CC0E820FCC}.Debug|Any CPU.Build.0 = Debug|Any CPU
		{AE59AF9D-6AAC-4906-8253-55CC0E820FCC}.Release|Any CPU.ActiveCfg = Release|Any CPU
		{AE59AF9D-6AAC-4906-8253-55CC0E820FCC}.Release|Any CPU.Build.0 = Release|Any CPU
		{DB86C6D3-8FA8-475F-A49E-6067661A9343}.Debug|Any CPU.ActiveCfg = Debug|Any CPU
		{DB86C6D3-8FA8-475F-A49E-6067661A9343}.Debug|Any CPU.Build.0 = Debug|Any CPU
		{DB86C6D3-8FA8-475F-A49E-6067661A9343}.Release|Any CPU.ActiveCfg = Release|Any CPU
		{DB86C6D3-8FA8-475F-A49E-6067661A9343}.Release|Any CPU.Build.0 = Release|Any CPU
		{7FD5FB16-8CDB-44B0-A8FB-3BEF589023B6}.Debug|Any CPU.ActiveCfg = Debug|Any CPU
		{7FD5FB16-8CDB-44B0-A8FB-3BEF589023B6}.Debug|Any CPU.Build.0 = Debug|Any CPU
		{7FD5FB16-8CDB-44B0-A8FB-3BEF589023B6}.Release|Any CPU.ActiveCfg = Release|Any CPU
		{7FD5FB16-8CDB-44B0-A8FB-3BEF589023B6}.Release|Any CPU.Build.0 = Release|Any CPU
		{8C5F7363-376D-457E-88D0-05ADCC74B88F}.Debug|Any CPU.ActiveCfg = Debug|Any CPU
		{8C5F7363-376D-457E-88D0-05ADCC74B88F}.Debug|Any CPU.Build.0 = Debug|Any CPU
		{8C5F7363-376D-457E-88D0-05ADCC74B88F}.Release|Any CPU.ActiveCfg = Release|Any CPU
		{8C5F7363-376D-457E-88D0-05ADCC74B88F}.Release|Any CPU.Build.0 = Release|Any CPU
		{518FCE0B-EDA6-4DA0-B98B-DE690F1CB40F}.Debug|Any CPU.ActiveCfg = Debug|Any CPU
		{518FCE0B-EDA6-4DA0-B98B-DE690F1CB40F}.Debug|Any CPU.Build.0 = Debug|Any CPU
		{518FCE0B-EDA6-4DA0-B98B-DE690F1CB40F}.Release|Any CPU.ActiveCfg = Release|Any CPU
		{518FCE0B-EDA6-4DA0-B98B-DE690F1CB40F}.Release|Any CPU.Build.0 = Release|Any CPU
		{BB5B984C-7390-40E1-AECF-B960FA85224F}.Debug|Any CPU.ActiveCfg = Debug|Any CPU
		{BB5B984C-7390-40E1-AECF-B960FA85224F}.Debug|Any CPU.Build.0 = Debug|Any CPU
		{BB5B984C-7390-40E1-AECF-B960FA85224F}.Release|Any CPU.ActiveCfg = Release|Any CPU
		{BB5B984C-7390-40E1-AECF-B960FA85224F}.Release|Any CPU.Build.0 = Release|Any CPU
		{D6900869-0D1D-4686-B1F6-BECE54ED40C1}.Debug|Any CPU.ActiveCfg = Debug|Any CPU
		{D6900869-0D1D-4686-B1F6-BECE54ED40C1}.Debug|Any CPU.Build.0 = Debug|Any CPU
		{D6900869-0D1D-4686-B1F6-BECE54ED40C1}.Release|Any CPU.ActiveCfg = Release|Any CPU
		{D6900869-0D1D-4686-B1F6-BECE54ED40C1}.Release|Any CPU.Build.0 = Release|Any CPU
		{7B13D2CB-29CE-479D-B7E9-8EA2642513E1}.Debug|Any CPU.ActiveCfg = Debug|Any CPU
		{7B13D2CB-29CE-479D-B7E9-8EA2642513E1}.Debug|Any CPU.Build.0 = Debug|Any CPU
		{7B13D2CB-29CE-479D-B7E9-8EA2642513E1}.Release|Any CPU.ActiveCfg = Release|Any CPU
		{7B13D2CB-29CE-479D-B7E9-8EA2642513E1}.Release|Any CPU.Build.0 = Release|Any CPU
	EndGlobalSection
	GlobalSection(SolutionProperties) = preSolution
		HideSolutionNode = FALSE
	EndGlobalSection
	GlobalSection(NestedProjects) = preSolution
		{CA5F7D39-81A6-4E7B-A282-146F925F8931} = {EA6AB365-9609-48DE-A8CA-86AE50086C7B}
		{BA997589-EDD0-4827-BD2B-FA1E93B1176D} = {EA6AB365-9609-48DE-A8CA-86AE50086C7B}
		{A7F71F7E-A79D-43CE-9A33-134F87667BCD} = {08D8FBCB-4C9D-4180-B7FD-1FA13085048B}
		{1A721FF6-51F9-4239-AA20-F7B3E8BDDAE0} = {08D8FBCB-4C9D-4180-B7FD-1FA13085048B}
		{AE59AF9D-6AAC-4906-8253-55CC0E820FCC} = {1DB9FA02-96FD-4A10-95F7-F1BC683C5D8A}
		{DB86C6D3-8FA8-475F-A49E-6067661A9343} = {1DB9FA02-96FD-4A10-95F7-F1BC683C5D8A}
		{7FD5FB16-8CDB-44B0-A8FB-3BEF589023B6} = {1DB9FA02-96FD-4A10-95F7-F1BC683C5D8A}
		{8C5F7363-376D-457E-88D0-05ADCC74B88F} = {B54659E6-A851-46F2-AEA2-61F28015E1D2}
		{518FCE0B-EDA6-4DA0-B98B-DE690F1CB40F} = {3B2DE6DE-02A5-44B3-A11C-F613AB9A7A3B}
		{BB5B984C-7390-40E1-AECF-B960FA85224F} = {B54659E6-A851-46F2-AEA2-61F28015E1D2}
		{D6900869-0D1D-4686-B1F6-BECE54ED40C1} = {B54659E6-A851-46F2-AEA2-61F28015E1D2}
		{7B13D2CB-29CE-479D-B7E9-8EA2642513E1} = {08D8FBCB-4C9D-4180-B7FD-1FA13085048B}
	EndGlobalSection
	GlobalSection(ExtensibilityGlobals) = postSolution
		SolutionGuid = {5F935146-3790-4ACC-8852-BFECAC113AF4}
	EndGlobalSection
EndGlobal
